
Microsoft Visual Studio Solution File, Format Version 12.00
# Visual Studio Version 16
VisualStudioVersion = 16.0.31112.23
MinimumVisualStudioVersion = 10.0.40219.1
Project("{FAE04EC0-301F-11D3-BF4B-00C04F79EFBC}") = "Banco_Abstrato", "Banco_Abstrato\Banco_Abstrato.csproj", "{27535F53-839E-403D-BD97-8C22BCD53EC6}"
EndProject
Global
	GlobalSection(SolutionConfigurationPlatforms) = preSolution
		Debug|Any CPU = Debug|Any CPU
		Release|Any CPU = Release|Any CPU
	EndGlobalSection
	GlobalSection(ProjectConfigurationPlatforms) = postSolution
		{27535F53-839E-403D-BD97-8C22BCD53EC6}.Debug|Any CPU.ActiveCfg = Debug|Any CPU
		{27535F53-839E-403D-BD97-8C22BCD53EC6}.Debug|Any CPU.Build.0 = Debug|Any CPU
		{27535F53-839E-403D-BD97-8C22BCD53EC6}.Release|Any CPU.ActiveCfg = Release|Any CPU
		{27535F53-839E-403D-BD97-8C22BCD53EC6}.Release|Any CPU.Build.0 = Release|Any CPU
	EndGlobalSection
	GlobalSection(SolutionProperties) = preSolution
		HideSolutionNode = FALSE
	EndGlobalSection
	GlobalSection(ExtensibilityGlobals) = postSolution
		SolutionGuid = {C863251C-E28F-4C54-96D7-A5E166D4EB41}
	EndGlobalSection
EndGlobal
