
Microsoft Visual Studio Solution File, Format Version 12.00
# Visual Studio Version 16
VisualStudioVersion = 16.0.31112.23
MinimumVisualStudioVersion = 10.0.40219.1
Project("{FAE04EC0-301F-11D3-BF4B-00C04F79EFBC}") = "FormasGeometricas_Interface", "FormasGeometricas_Interface\FormasGeometricas_Interface.csproj", "{2FC7C69B-2D5A-4E3F-B34F-2735C203224C}"
EndProject
Global
	GlobalSection(SolutionConfigurationPlatforms) = preSolution
		Debug|Any CPU = Debug|Any CPU
		Release|Any CPU = Release|Any CPU
	EndGlobalSection
	GlobalSection(ProjectConfigurationPlatforms) = postSolution
		{2FC7C69B-2D5A-4E3F-B34F-2735C203224C}.Debug|Any CPU.ActiveCfg = Debug|Any CPU
		{2FC7C69B-2D5A-4E3F-B34F-2735C203224C}.Debug|Any CPU.Build.0 = Debug|Any CPU
		{2FC7C69B-2D5A-4E3F-B34F-2735C203224C}.Release|Any CPU.ActiveCfg = Release|Any CPU
		{2FC7C69B-2D5A-4E3F-B34F-2735C203224C}.Release|Any CPU.Build.0 = Release|Any CPU
	EndGlobalSection
	GlobalSection(SolutionProperties) = preSolution
		HideSolutionNode = FALSE
	EndGlobalSection
	GlobalSection(ExtensibilityGlobals) = postSolution
		SolutionGuid = {BF5E4D0E-971F-4B47-8A89-B6876E2CC7E4}
	EndGlobalSection
EndGlobal
